
Microsoft Visual Studio Solution File, Format Version 12.00
# Visual Studio Version 17
VisualStudioVersion = 17.4.33122.133
MinimumVisualStudioVersion = 10.0.40219.1
Project("{FAE04EC0-301F-11D3-BF4B-00C04F79EFBC}") = "WebApiSample", "WebApiSample\WebApiSample.csproj", "{99C21A41-7A73-4B24-8C50-97D96921B9EA}"
EndProject
Global
	GlobalSection(SolutionConfigurationPlatforms) = preSolution
		Debug|Any CPU = Debug|Any CPU
		Release|Any CPU = Release|Any CPU
	EndGlobalSection
	GlobalSection(ProjectConfigurationPlatforms) = postSolution
		{99C21A41-7A73-4B24-8C50-97D96921B9EA}.Debug|Any CPU.ActiveCfg = Debug|Any CPU
		{99C21A41-7A73-4B24-8C50-97D96921B9EA}.Debug|Any CPU.Build.0 = Debug|Any CPU
		{99C21A41-7A73-4B24-8C50-97D96921B9EA}.Release|Any CPU.ActiveCfg = Release|Any CPU
		{99C21A41-7A73-4B24-8C50-97D96921B9EA}.Release|Any CPU.Build.0 = Release|Any CPU
	EndGlobalSection
	GlobalSection(SolutionProperties) = preSolution
		HideSolutionNode = FALSE
	EndGlobalSection
	GlobalSection(ExtensibilityGlobals) = postSolution
		SolutionGuid = {C3C79B21-638C-47F6-B2E2-E5ED976474A9}
	EndGlobalSection
EndGlobal
