
Microsoft Visual Studio Solution File, Format Version 12.00
# Visual Studio Version 17
VisualStudioVersion = 17.4.33122.133
MinimumVisualStudioVersion = 10.0.40219.1
Project("{FAE04EC0-301F-11D3-BF4B-00C04F79EFBC}") = "WebApi", "WebApi\WebApi.csproj", "{AD6430D8-8237-4285-87BE-CD6F0887FFEC}"
EndProject
Global
	GlobalSection(SolutionConfigurationPlatforms) = preSolution
		Debug|Any CPU = Debug|Any CPU
		Release|Any CPU = Release|Any CPU
	EndGlobalSection
	GlobalSection(ProjectConfigurationPlatforms) = postSolution
		{AD6430D8-8237-4285-87BE-CD6F0887FFEC}.Debug|Any CPU.ActiveCfg = Debug|Any CPU
		{AD6430D8-8237-4285-87BE-CD6F0887FFEC}.Debug|Any CPU.Build.0 = Debug|Any CPU
		{AD6430D8-8237-4285-87BE-CD6F0887FFEC}.Release|Any CPU.ActiveCfg = Release|Any CPU
		{AD6430D8-8237-4285-87BE-CD6F0887FFEC}.Release|Any CPU.Build.0 = Release|Any CPU
	EndGlobalSection
	GlobalSection(SolutionProperties) = preSolution
		HideSolutionNode = FALSE
	EndGlobalSection
	GlobalSection(ExtensibilityGlobals) = postSolution
		SolutionGuid = {4DD1FEB1-1613-4D38-8388-99B3EA79DB16}
	EndGlobalSection
EndGlobal
